
Microsoft Visual Studio Solution File, Format Version 12.00
# Visual Studio Version 17
VisualStudioVersion = 17.3.32811.315
MinimumVisualStudioVersion = 10.0.40219.1
Project("{FAE04EC0-301F-11D3-BF4B-00C04F79EFBC}") = "14 Klasa Process", "14 Klasa Process.csproj", "{F6D7EC54-1C74-441D-B648-B7D251F39408}"
EndProject
Global
	GlobalSection(SolutionConfigurationPlatforms) = preSolution
		Debug|Any CPU = Debug|Any CPU
		Release|Any CPU = Release|Any CPU
	EndGlobalSection
	GlobalSection(ProjectConfigurationPlatforms) = postSolution
		{F6D7EC54-1C74-441D-B648-B7D251F39408}.Debug|Any CPU.ActiveCfg = Debug|Any CPU
		{F6D7EC54-1C74-441D-B648-B7D251F39408}.Debug|Any CPU.Build.0 = Debug|Any CPU
		{F6D7EC54-1C74-441D-B648-B7D251F39408}.Release|Any CPU.ActiveCfg = Release|Any CPU
		{F6D7EC54-1C74-441D-B648-B7D251F39408}.Release|Any CPU.Build.0 = Release|Any CPU
	EndGlobalSection
	GlobalSection(SolutionProperties) = preSolution
		HideSolutionNode = FALSE
	EndGlobalSection
	GlobalSection(ExtensibilityGlobals) = postSolution
		SolutionGuid = {ED5D0CD0-C65C-4A98-AE0B-84F3D6F60937}
	EndGlobalSection
EndGlobal
